
Microsoft Visual Studio Solution File, Format Version 12.00
# Visual Studio Version 17
VisualStudioVersion = 17.0.32112.339
MinimumVisualStudioVersion = 10.0.40219.1
Project("{FAE04EC0-301F-11D3-BF4B-00C04F79EFBC}") = "Final Project", "Final Project\Final Project.csproj", "{25582D0F-8A53-4280-93D9-0EB854A0BCDD}"
EndProject
Global
	GlobalSection(SolutionConfigurationPlatforms) = preSolution
		Debug|Any CPU = Debug|Any CPU
		Release|Any CPU = Release|Any CPU
	EndGlobalSection
	GlobalSection(ProjectConfigurationPlatforms) = postSolution
		{25582D0F-8A53-4280-93D9-0EB854A0BCDD}.Debug|Any CPU.ActiveCfg = Debug|Any CPU
		{25582D0F-8A53-4280-93D9-0EB854A0BCDD}.Debug|Any CPU.Build.0 = Debug|Any CPU
		{25582D0F-8A53-4280-93D9-0EB854A0BCDD}.Release|Any CPU.ActiveCfg = Release|Any CPU
		{25582D0F-8A53-4280-93D9-0EB854A0BCDD}.Release|Any CPU.Build.0 = Release|Any CPU
	EndGlobalSection
	GlobalSection(SolutionProperties) = preSolution
		HideSolutionNode = FALSE
	EndGlobalSection
	GlobalSection(ExtensibilityGlobals) = postSolution
		SolutionGuid = {4DEB1283-A408-4C1E-8896-2D0DCF9C9E8E}
	EndGlobalSection
EndGlobal
